{
  "version": 4,
  "terraform_version": "1.14.3",
  "serial": 3,
  "lineage": "42f725fc-7365-e917-1daf-b4f06161bd47",
  "outputs": {
    "network_id": {
      "value": "65fe6a7a388dd1557031314ce05e7902be6a94ce0ffc9c7ef4edfaee9d27aafb",
      "type": "string"
    },
    "network_name": {
      "value": "geoint-assignment-net",
      "type": "string"
    },
    "pg_volume_id": {
      "value": "geoint_pgdata",
      "type": "string"
    },
    "pg_volume_name": {
      "value": "geoint_pgdata",
      "type": "string"
    }
  },
  "resources": [
    {
      "mode": "managed",
      "type": "docker_network",
      "name": "geoint_net",
      "provider": "provider[\"registry.terraform.io/kreuzwerker/docker\"]",
      "instances": [
        {
          "schema_version": 1,
          "attributes": {
            "attachable": false,
            "check_duplicate": null,
            "driver": "bridge",
            "id": "65fe6a7a388dd1557031314ce05e7902be6a94ce0ffc9c7ef4edfaee9d27aafb",
            "ingress": false,
            "internal": false,
            "ipam_config": [
              {
                "aux_address": {},
                "gateway": "172.21.0.1",
                "ip_range": "",
                "subnet": "172.21.0.0/16"
              }
            ],
            "ipam_driver": "default",
            "ipam_options": null,
            "ipv6": false,
            "labels": [],
            "name": "geoint-assignment-net",
            "options": {},
            "scope": "local"
          },
          "sensitive_attributes": [],
          "identity_schema_version": 0,
          "private": "eyJzY2hlbWFfdmVyc2lvbiI6IjEifQ=="
        }
      ]
    },
    {
      "mode": "managed",
      "type": "docker_volume",
      "name": "geoint_pgdata",
      "provider": "provider[\"registry.terraform.io/kreuzwerker/docker\"]",
      "instances": [
        {
          "schema_version": 1,
          "attributes": {
            "driver": "local",
            "driver_opts": null,
            "id": "geoint_pgdata",
            "labels": [],
            "mountpoint": "/var/lib/docker/volumes/geoint_pgdata/_data",
            "name": "geoint_pgdata"
          },
          "sensitive_attributes": [],
          "identity_schema_version": 0,
          "private": "eyJzY2hlbWFfdmVyc2lvbiI6IjEifQ=="
        }
      ]
    }
  ],
  "check_results": null
}
